
Microsoft Visual Studio Solution File, Format Version 12.00
# Visual Studio 2013
VisualStudioVersion = 12.0.31101.0
MinimumVisualStudioVersion = 10.0.40219.1
Project("{FAE04EC0-301F-11D3-BF4B-00C04F79EFBC}") = "giri-webdev-livedemo", "giri-webdev-livedemo\giri-webdev-livedemo.csproj", "{494203DC-7FBA-4FE5-AC45-B5D94DACF779}"
EndProject
Project("{FAE04EC0-301F-11D3-BF4B-00C04F79EFBC}") = "giri-webdev-livedemo.Tests", "giri-webdev-livedemo.Tests\giri-webdev-livedemo.Tests.csproj", "{B84ECC22-5251-430E-9EF2-F4D105A5501D}"
EndProject
Global
	GlobalSection(SolutionConfigurationPlatforms) = preSolution
		Debug|Any CPU = Debug|Any CPU
		Release|Any CPU = Release|Any CPU
	EndGlobalSection
	GlobalSection(ProjectConfigurationPlatforms) = postSolution
		{494203DC-7FBA-4FE5-AC45-B5D94DACF779}.Debug|Any CPU.ActiveCfg = Debug|Any CPU
		{494203DC-7FBA-4FE5-AC45-B5D94DACF779}.Debug|Any CPU.Build.0 = Debug|Any CPU
		{494203DC-7FBA-4FE5-AC45-B5D94DACF779}.Release|Any CPU.ActiveCfg = Release|Any CPU
		{494203DC-7FBA-4FE5-AC45-B5D94DACF779}.Release|Any CPU.Build.0 = Release|Any CPU
		{B84ECC22-5251-430E-9EF2-F4D105A5501D}.Debug|Any CPU.ActiveCfg = Debug|Any CPU
		{B84ECC22-5251-430E-9EF2-F4D105A5501D}.Debug|Any CPU.Build.0 = Debug|Any CPU
		{B84ECC22-5251-430E-9EF2-F4D105A5501D}.Release|Any CPU.ActiveCfg = Release|Any CPU
		{B84ECC22-5251-430E-9EF2-F4D105A5501D}.Release|Any CPU.Build.0 = Release|Any CPU
	EndGlobalSection
	GlobalSection(SolutionProperties) = preSolution
		HideSolutionNode = FALSE
	EndGlobalSection
EndGlobal
